
Microsoft Visual Studio Solution File, Format Version 12.00
# Visual Studio Version 17
VisualStudioVersion = 17.0.31903.59
MinimumVisualStudioVersion = 10.0.40219.1
Project("{2150E333-8FDC-42A3-9474-1A3956D46DE8}") = "src", "src", "{54AF5136-3287-43CE-88E9-D3E6606CA72B}"
EndProject
Project("{2150E333-8FDC-42A3-9474-1A3956D46DE8}") = "Account", "Account", "{1005886B-8B0E-418C-92DA-9586D4EA6757}"
EndProject
Project("{FAE04EC0-301F-11D3-BF4B-00C04F79EFBC}") = "Account.API", "src\Account\Account.API\Account.API.csproj", "{871D2F0D-2515-45F3-B428-5FB4DDCD835A}"
EndProject
Project("{FAE04EC0-301F-11D3-BF4B-00C04F79EFBC}") = "Account.Domain", "src\Account\Account.Domain\Account.Domain.csproj", "{79B51943-8E5B-40C6-839D-5DA4AF5B9070}"
EndProject
Project("{FAE04EC0-301F-11D3-BF4B-00C04F79EFBC}") = "Account.Application", "src\Account\Account.Application\Account.Application.csproj", "{D44CE252-F2FE-4EE6-84DC-D9927E61E5C0}"
EndProject
Project("{FAE04EC0-301F-11D3-BF4B-00C04F79EFBC}") = "Account.Infrastructure", "src\Account\Account.Infrastructure\Account.Infrastructure.csproj", "{9FFE1961-2661-4630-811B-D2ADC62EBBA2}"
EndProject
Project("{2150E333-8FDC-42A3-9474-1A3956D46DE8}") = "Transfers", "Transfers", "{18B55341-B2EF-4D83-B2A9-EF67D96593F7}"
EndProject
Project("{FAE04EC0-301F-11D3-BF4B-00C04F79EFBC}") = "Transfers.API", "src\Transfers\Transfers.API\Transfers.API.csproj", "{CDC74364-B3DF-4DA7-B719-EBD1B234DA7A}"
EndProject
Project("{FAE04EC0-301F-11D3-BF4B-00C04F79EFBC}") = "Transfers.Domain", "src\Transfers\Transfers.Domain\Transfers.Domain.csproj", "{0D936BBC-7AD9-46E6-A0C2-B7D16285DF13}"
EndProject
Project("{FAE04EC0-301F-11D3-BF4B-00C04F79EFBC}") = "Transfers.Application", "src\Transfers\Transfers.Application\Transfers.Application.csproj", "{862BFDA2-2A3C-4DC4-B362-D87A6597D4F3}"
EndProject
Project("{FAE04EC0-301F-11D3-BF4B-00C04F79EFBC}") = "Transfers.Infrastructure", "src\Transfers\Transfers.Infrastructure\Transfers.Infrastructure.csproj", "{45667AD3-A199-42C8-BBF1-D95FA6084325}"
EndProject
Project("{2150E333-8FDC-42A3-9474-1A3956D46DE8}") = "tests", "tests", "{0299B723-E884-455F-B4EC-4535E874F871}"
EndProject
Project("{FAE04EC0-301F-11D3-BF4B-00C04F79EFBC}") = "Account.API.IntegrationTests", "tests\Account.API.IntegrationTests\Account.API.IntegrationTests.csproj", "{721EE5F4-F55C-4731-AEE9-5472344F2694}"
EndProject
Project("{FAE04EC0-301F-11D3-BF4B-00C04F79EFBC}") = "Account.Application.UnitTests", "tests\Account.Application.UnitTests\Account.Application.UnitTests.csproj", "{31AD3C1B-BBD0-4CDD-A2B6-8A14BE4E10DC}"
EndProject
Global
	GlobalSection(SolutionConfigurationPlatforms) = preSolution
		Debug|Any CPU = Debug|Any CPU
		Release|Any CPU = Release|Any CPU
	EndGlobalSection
	GlobalSection(SolutionProperties) = preSolution
		HideSolutionNode = FALSE
	EndGlobalSection
	GlobalSection(ProjectConfigurationPlatforms) = postSolution
		{871D2F0D-2515-45F3-B428-5FB4DDCD835A}.Debug|Any CPU.ActiveCfg = Debug|Any CPU
		{871D2F0D-2515-45F3-B428-5FB4DDCD835A}.Debug|Any CPU.Build.0 = Debug|Any CPU
		{871D2F0D-2515-45F3-B428-5FB4DDCD835A}.Release|Any CPU.ActiveCfg = Release|Any CPU
		{871D2F0D-2515-45F3-B428-5FB4DDCD835A}.Release|Any CPU.Build.0 = Release|Any CPU
		{79B51943-8E5B-40C6-839D-5DA4AF5B9070}.Debug|Any CPU.ActiveCfg = Debug|Any CPU
		{79B51943-8E5B-40C6-839D-5DA4AF5B9070}.Debug|Any CPU.Build.0 = Debug|Any CPU
		{79B51943-8E5B-40C6-839D-5DA4AF5B9070}.Release|Any CPU.ActiveCfg = Release|Any CPU
		{79B51943-8E5B-40C6-839D-5DA4AF5B9070}.Release|Any CPU.Build.0 = Release|Any CPU
		{D44CE252-F2FE-4EE6-84DC-D9927E61E5C0}.Debug|Any CPU.ActiveCfg = Debug|Any CPU
		{D44CE252-F2FE-4EE6-84DC-D9927E61E5C0}.Debug|Any CPU.Build.0 = Debug|Any CPU
		{D44CE252-F2FE-4EE6-84DC-D9927E61E5C0}.Release|Any CPU.ActiveCfg = Release|Any CPU
		{D44CE252-F2FE-4EE6-84DC-D9927E61E5C0}.Release|Any CPU.Build.0 = Release|Any CPU
		{9FFE1961-2661-4630-811B-D2ADC62EBBA2}.Debug|Any CPU.ActiveCfg = Debug|Any CPU
		{9FFE1961-2661-4630-811B-D2ADC62EBBA2}.Debug|Any CPU.Build.0 = Debug|Any CPU
		{9FFE1961-2661-4630-811B-D2ADC62EBBA2}.Release|Any CPU.ActiveCfg = Release|Any CPU
		{9FFE1961-2661-4630-811B-D2ADC62EBBA2}.Release|Any CPU.Build.0 = Release|Any CPU
		{CDC74364-B3DF-4DA7-B719-EBD1B234DA7A}.Debug|Any CPU.ActiveCfg = Debug|Any CPU
		{CDC74364-B3DF-4DA7-B719-EBD1B234DA7A}.Debug|Any CPU.Build.0 = Debug|Any CPU
		{CDC74364-B3DF-4DA7-B719-EBD1B234DA7A}.Release|Any CPU.ActiveCfg = Release|Any CPU
		{CDC74364-B3DF-4DA7-B719-EBD1B234DA7A}.Release|Any CPU.Build.0 = Release|Any CPU
		{0D936BBC-7AD9-46E6-A0C2-B7D16285DF13}.Debug|Any CPU.ActiveCfg = Debug|Any CPU
		{0D936BBC-7AD9-46E6-A0C2-B7D16285DF13}.Debug|Any CPU.Build.0 = Debug|Any CPU
		{0D936BBC-7AD9-46E6-A0C2-B7D16285DF13}.Release|Any CPU.ActiveCfg = Release|Any CPU
		{0D936BBC-7AD9-46E6-A0C2-B7D16285DF13}.Release|Any CPU.Build.0 = Release|Any CPU
		{862BFDA2-2A3C-4DC4-B362-D87A6597D4F3}.Debug|Any CPU.ActiveCfg = Debug|Any CPU
		{862BFDA2-2A3C-4DC4-B362-D87A6597D4F3}.Debug|Any CPU.Build.0 = Debug|Any CPU
		{862BFDA2-2A3C-4DC4-B362-D87A6597D4F3}.Release|Any CPU.ActiveCfg = Release|Any CPU
		{862BFDA2-2A3C-4DC4-B362-D87A6597D4F3}.Release|Any CPU.Build.0 = Release|Any CPU
		{45667AD3-A199-42C8-BBF1-D95FA6084325}.Debug|Any CPU.ActiveCfg = Debug|Any CPU
		{45667AD3-A199-42C8-BBF1-D95FA6084325}.Debug|Any CPU.Build.0 = Debug|Any CPU
		{45667AD3-A199-42C8-BBF1-D95FA6084325}.Release|Any CPU.ActiveCfg = Release|Any CPU
		{45667AD3-A199-42C8-BBF1-D95FA6084325}.Release|Any CPU.Build.0 = Release|Any CPU
		{721EE5F4-F55C-4731-AEE9-5472344F2694}.Debug|Any CPU.ActiveCfg = Debug|Any CPU
		{721EE5F4-F55C-4731-AEE9-5472344F2694}.Debug|Any CPU.Build.0 = Debug|Any CPU
		{721EE5F4-F55C-4731-AEE9-5472344F2694}.Release|Any CPU.ActiveCfg = Release|Any CPU
		{721EE5F4-F55C-4731-AEE9-5472344F2694}.Release|Any CPU.Build.0 = Release|Any CPU
		{31AD3C1B-BBD0-4CDD-A2B6-8A14BE4E10DC}.Debug|Any CPU.ActiveCfg = Debug|Any CPU
		{31AD3C1B-BBD0-4CDD-A2B6-8A14BE4E10DC}.Debug|Any CPU.Build.0 = Debug|Any CPU
		{31AD3C1B-BBD0-4CDD-A2B6-8A14BE4E10DC}.Release|Any CPU.ActiveCfg = Release|Any CPU
		{31AD3C1B-BBD0-4CDD-A2B6-8A14BE4E10DC}.Release|Any CPU.Build.0 = Release|Any CPU
	EndGlobalSection
	GlobalSection(NestedProjects) = preSolution
		{1005886B-8B0E-418C-92DA-9586D4EA6757} = {54AF5136-3287-43CE-88E9-D3E6606CA72B}
		{871D2F0D-2515-45F3-B428-5FB4DDCD835A} = {1005886B-8B0E-418C-92DA-9586D4EA6757}
		{79B51943-8E5B-40C6-839D-5DA4AF5B9070} = {1005886B-8B0E-418C-92DA-9586D4EA6757}
		{D44CE252-F2FE-4EE6-84DC-D9927E61E5C0} = {1005886B-8B0E-418C-92DA-9586D4EA6757}
		{9FFE1961-2661-4630-811B-D2ADC62EBBA2} = {1005886B-8B0E-418C-92DA-9586D4EA6757}
		{18B55341-B2EF-4D83-B2A9-EF67D96593F7} = {54AF5136-3287-43CE-88E9-D3E6606CA72B}
		{CDC74364-B3DF-4DA7-B719-EBD1B234DA7A} = {18B55341-B2EF-4D83-B2A9-EF67D96593F7}
		{0D936BBC-7AD9-46E6-A0C2-B7D16285DF13} = {18B55341-B2EF-4D83-B2A9-EF67D96593F7}
		{862BFDA2-2A3C-4DC4-B362-D87A6597D4F3} = {18B55341-B2EF-4D83-B2A9-EF67D96593F7}
		{45667AD3-A199-42C8-BBF1-D95FA6084325} = {18B55341-B2EF-4D83-B2A9-EF67D96593F7}
		{721EE5F4-F55C-4731-AEE9-5472344F2694} = {0299B723-E884-455F-B4EC-4535E874F871}
		{31AD3C1B-BBD0-4CDD-A2B6-8A14BE4E10DC} = {0299B723-E884-455F-B4EC-4535E874F871}
	EndGlobalSection
EndGlobal
